// !$*UTF8*$!
{
	archiveVersion = 1;
	classes = {
	};
	objectVersion = 56;
	objects = {

/* Begin PBXBuildFile section */
		195116192B4A898C00C9742F /* Page.swift in Sources */ = {isa = PBXBuildFile; fileRef = 195116172B4A898C00C9742F /* Page.swift */; };
		1951161A2B4A898C00C9742F /* Coordinator.swift in Sources */ = {isa = PBXBuildFile; fileRef = 195116182B4A898C00C9742F /* Coordinator.swift */; };
		1951161E2B4A8C4100C9742F /* CoordinatorRootView.swift in Sources */ = {isa = PBXBuildFile; fileRef = 1951161D2B4A8C4100C9742F /* CoordinatorRootView.swift */; };
		195116242B4AB5EF00C9742F /* OnboardingSecondView.swift in Sources */ = {isa = PBXBuildFile; fileRef = 195116232B4AB5EF00C9742F /* OnboardingSecondView.swift */; };
		195116282B4ABFB600C9742F /* OnboardingView.swift in Sources */ = {isa = PBXBuildFile; fileRef = 195116272B4ABFB600C9742F /* OnboardingView.swift */; };
		1951162A2B4ADA8D00C9742F /* OnboardingSecondVM.swift in Sources */ = {isa = PBXBuildFile; fileRef = 195116292B4ADA8D00C9742F /* OnboardingSecondVM.swift */; };
		1951162D2B4ADCC200C9742F /* OnboardingFirstVM.swift in Sources */ = {isa = PBXBuildFile; fileRef = 1951162C2B4ADCC200C9742F /* OnboardingFirstVM.swift */; };
		196B77C22B46F85000B0B8AD /* CardView.swift in Sources */ = {isa = PBXBuildFile; fileRef = 196B77C12B46F85000B0B8AD /* CardView.swift */; };
		196B77C42B47005F00B0B8AD /* OnboardingFirstView.swift in Sources */ = {isa = PBXBuildFile; fileRef = 196B77C32B47005F00B0B8AD /* OnboardingFirstView.swift */; };
		196B77C62B47016300B0B8AD /* Card.swift in Sources */ = {isa = PBXBuildFile; fileRef = 196B77C52B47016300B0B8AD /* Card.swift */; };
		19ECB4DC2B4817D700B3FCCA /* View+SwipeGesture.swift in Sources */ = {isa = PBXBuildFile; fileRef = 19ECB4DB2B4817D700B3FCCA /* View+SwipeGesture.swift */; };
		19ECB4E02B48203200B3FCCA /* String+Constants.swift in Sources */ = {isa = PBXBuildFile; fileRef = 19ECB4DF2B48203200B3FCCA /* String+Constants.swift */; };
		19ECB4E42B482FAF00B3FCCA /* ButtonStyle.swift in Sources */ = {isa = PBXBuildFile; fileRef = 19ECB4E32B482FAF00B3FCCA /* ButtonStyle.swift */; };
		19ECB4EA2B483A6700B3FCCA /* MainView.swift in Sources */ = {isa = PBXBuildFile; fileRef = 19ECB4E92B483A6700B3FCCA /* MainView.swift */; };
		19EED8762B4AEF8D00198CD3 /* OnboardingThirdVM.swift in Sources */ = {isa = PBXBuildFile; fileRef = 19EED8752B4AEF8D00198CD3 /* OnboardingThirdVM.swift */; };
		19EED8782B4AEFD500198CD3 /* OnboardingThirdView.swift in Sources */ = {isa = PBXBuildFile; fileRef = 19EED8772B4AEFD500198CD3 /* OnboardingThirdView.swift */; };
		19FE266F2B3FD7B0007F0C0F /* OnboardingApp.swift in Sources */ = {isa = PBXBuildFile; fileRef = 19FE266E2B3FD7B0007F0C0F /* OnboardingApp.swift */; };
		19FE26732B3FD7B1007F0C0F /* Assets.xcassets in Resources */ = {isa = PBXBuildFile; fileRef = 19FE26722B3FD7B1007F0C0F /* Assets.xcassets */; };
		19FE26762B3FD7B1007F0C0F /* Preview Assets.xcassets in Resources */ = {isa = PBXBuildFile; fileRef = 19FE26752B3FD7B1007F0C0F /* Preview Assets.xcassets */; };
/* End PBXBuildFile section */

/* Begin PBXFileReference section */
		195116172B4A898C00C9742F /* Page.swift */ = {isa = PBXFileReference; fileEncoding = 4; lastKnownFileType = sourcecode.swift; path = Page.swift; sourceTree = "<group>"; };
		195116182B4A898C00C9742F /* Coordinator.swift */ = {isa = PBXFileReference; fileEncoding = 4; lastKnownFileType = sourcecode.swift; path = Coordinator.swift; sourceTree = "<group>"; };
		1951161D2B4A8C4100C9742F /* CoordinatorRootView.swift */ = {isa = PBXFileReference; lastKnownFileType = sourcecode.swift; path = CoordinatorRootView.swift; sourceTree = "<group>"; };
		195116232B4AB5EF00C9742F /* OnboardingSecondView.swift */ = {isa = PBXFileReference; lastKnownFileType = sourcecode.swift; path = OnboardingSecondView.swift; sourceTree = "<group>"; };
		195116272B4ABFB600C9742F /* OnboardingView.swift */ = {isa = PBXFileReference; lastKnownFileType = sourcecode.swift; path = OnboardingView.swift; sourceTree = "<group>"; };
		195116292B4ADA8D00C9742F /* OnboardingSecondVM.swift */ = {isa = PBXFileReference; lastKnownFileType = sourcecode.swift; path = OnboardingSecondVM.swift; sourceTree = "<group>"; };
		1951162C2B4ADCC200C9742F /* OnboardingFirstVM.swift */ = {isa = PBXFileReference; lastKnownFileType = sourcecode.swift; path = OnboardingFirstVM.swift; sourceTree = "<group>"; };
		196B77C12B46F85000B0B8AD /* CardView.swift */ = {isa = PBXFileReference; lastKnownFileType = sourcecode.swift; path = CardView.swift; sourceTree = "<group>"; };
		196B77C32B47005F00B0B8AD /* OnboardingFirstView.swift */ = {isa = PBXFileReference; lastKnownFileType = sourcecode.swift; path = OnboardingFirstView.swift; sourceTree = "<group>"; };
		196B77C52B47016300B0B8AD /* Card.swift */ = {isa = PBXFileReference; lastKnownFileType = sourcecode.swift; path = Card.swift; sourceTree = "<group>"; };
		19ECB4DB2B4817D700B3FCCA /* View+SwipeGesture.swift */ = {isa = PBXFileReference; lastKnownFileType = sourcecode.swift; path = "View+SwipeGesture.swift"; sourceTree = "<group>"; };
		19ECB4DF2B48203200B3FCCA /* String+Constants.swift */ = {isa = PBXFileReference; lastKnownFileType = sourcecode.swift; path = "String+Constants.swift"; sourceTree = "<group>"; };
		19ECB4E32B482FAF00B3FCCA /* ButtonStyle.swift */ = {isa = PBXFileReference; lastKnownFileType = sourcecode.swift; path = ButtonStyle.swift; sourceTree = "<group>"; };
		19ECB4E92B483A6700B3FCCA /* MainView.swift */ = {isa = PBXFileReference; fileEncoding = 4; lastKnownFileType = sourcecode.swift; path = MainView.swift; sourceTree = "<group>"; };
		19EED8752B4AEF8D00198CD3 /* OnboardingThirdVM.swift */ = {isa = PBXFileReference; lastKnownFileType = sourcecode.swift; path = OnboardingThirdVM.swift; sourceTree = "<group>"; };
		19EED8772B4AEFD500198CD3 /* OnboardingThirdView.swift */ = {isa = PBXFileReference; lastKnownFileType = sourcecode.swift; path = OnboardingThirdView.swift; sourceTree = "<group>"; };
		19FE266B2B3FD7B0007F0C0F /* Onboarding.app */ = {isa = PBXFileReference; explicitFileType = wrapper.application; includeInIndex = 0; path = Onboarding.app; sourceTree = BUILT_PRODUCTS_DIR; };
		19FE266E2B3FD7B0007F0C0F /* OnboardingApp.swift */ = {isa = PBXFileReference; lastKnownFileType = sourcecode.swift; path = OnboardingApp.swift; sourceTree = "<group>"; };
		19FE26722B3FD7B1007F0C0F /* Assets.xcassets */ = {isa = PBXFileReference; lastKnownFileType = folder.assetcatalog; path = Assets.xcassets; sourceTree = "<group>"; };
		19FE26752B3FD7B1007F0C0F /* Preview Assets.xcassets */ = {isa = PBXFileReference; lastKnownFileType = folder.assetcatalog; path = "Preview Assets.xcassets"; sourceTree = "<group>"; };
/* End PBXFileReference section */

/* Begin PBXFrameworksBuildPhase section */
		19FE26682B3FD7B0007F0C0F /* Frameworks */ = {
			isa = PBXFrameworksBuildPhase;
			buildActionMask = 2147483647;
			files = (
			);
			runOnlyForDeploymentPostprocessing = 0;
		};
/* End PBXFrameworksBuildPhase section */

/* Begin PBXGroup section */
		1951161B2B4A899600C9742F /* Navigation */ = {
			isa = PBXGroup;
			children = (
				195116182B4A898C00C9742F /* Coordinator.swift */,
				1951161D2B4A8C4100C9742F /* CoordinatorRootView.swift */,
				1951161C2B4A8B0100C9742F /* Destination */,
			);
			path = Navigation;
			sourceTree = "<group>";
		};
		1951161C2B4A8B0100C9742F /* Destination */ = {
			isa = PBXGroup;
			children = (
				195116172B4A898C00C9742F /* Page.swift */,
			);
			path = Destination;
			sourceTree = "<group>";
		};
		1951161F2B4A8CC400C9742F /* View */ = {
			isa = PBXGroup;
			children = (
				19ECB4E92B483A6700B3FCCA /* MainView.swift */,
			);
			path = View;
			sourceTree = "<group>";
		};
		1951162B2B4ADA9B00C9742F /* Second */ = {
			isa = PBXGroup;
			children = (
				195116232B4AB5EF00C9742F /* OnboardingSecondView.swift */,
				195116292B4ADA8D00C9742F /* OnboardingSecondVM.swift */,
			);
			path = Second;
			sourceTree = "<group>";
		};
		1951162E2B4ADD2800C9742F /* First */ = {
			isa = PBXGroup;
			children = (
				196B77C32B47005F00B0B8AD /* OnboardingFirstView.swift */,
				1951162C2B4ADCC200C9742F /* OnboardingFirstVM.swift */,
			);
			path = First;
			sourceTree = "<group>";
		};
		1981A3C62B47D85000342D14 /* View */ = {
			isa = PBXGroup;
			children = (
				195116272B4ABFB600C9742F /* OnboardingView.swift */,
				196B77C12B46F85000B0B8AD /* CardView.swift */,
			);
			path = View;
			sourceTree = "<group>";
		};
		1981A3C72B47D86100342D14 /* ViewModel */ = {
			isa = PBXGroup;
			children = (
				196B77C52B47016300B0B8AD /* Card.swift */,
			);
			path = ViewModel;
			sourceTree = "<group>";
		};
		19ECB4DD2B48201000B3FCCA /* Helper */ = {
			isa = PBXGroup;
			children = (
				19ECB4E32B482FAF00B3FCCA /* ButtonStyle.swift */,
				19ECB4DE2B48201B00B3FCCA /* Extension */,
			);
			path = Helper;
			sourceTree = "<group>";
		};
		19ECB4DE2B48201B00B3FCCA /* Extension */ = {
			isa = PBXGroup;
			children = (
				19ECB4DF2B48203200B3FCCA /* String+Constants.swift */,
				19ECB4DB2B4817D700B3FCCA /* View+SwipeGesture.swift */,
			);
			path = Extension;
			sourceTree = "<group>";
		};
		19ECB4E82B483A6700B3FCCA /* Main */ = {
			isa = PBXGroup;
			children = (
				1951161F2B4A8CC400C9742F /* View */,
			);
			path = Main;
			sourceTree = "<group>";
		};
		19ECB4EB2B483A8A00B3FCCA /* Onboarding */ = {
			isa = PBXGroup;
			children = (
				19EED8742B4AEE6D00198CD3 /* Screen */,
				1981A3C62B47D85000342D14 /* View */,
				1981A3C72B47D86100342D14 /* ViewModel */,
			);
			path = Onboarding;
			sourceTree = "<group>";
		};
		19EED8742B4AEE6D00198CD3 /* Screen */ = {
			isa = PBXGroup;
			children = (
				1951162E2B4ADD2800C9742F /* First */,
				1951162B2B4ADA9B00C9742F /* Second */,
				19EED8792B4B01F000198CD3 /* Third */,
			);
			path = Screen;
			sourceTree = "<group>";
		};
		19EED8792B4B01F000198CD3 /* Third */ = {
			isa = PBXGroup;
			children = (
				19EED8752B4AEF8D00198CD3 /* OnboardingThirdVM.swift */,
				19EED8772B4AEFD500198CD3 /* OnboardingThirdView.swift */,
			);
			path = Third;
			sourceTree = "<group>";
		};
		19FE26622B3FD7B0007F0C0F = {
			isa = PBXGroup;
			children = (
				19FE266D2B3FD7B0007F0C0F /* Onboarding */,
				19FE266C2B3FD7B0007F0C0F /* Products */,
			);
			sourceTree = "<group>";
		};
		19FE266C2B3FD7B0007F0C0F /* Products */ = {
			isa = PBXGroup;
			children = (
				19FE266B2B3FD7B0007F0C0F /* Onboarding.app */,
			);
			name = Products;
			sourceTree = "<group>";
		};
		19FE266D2B3FD7B0007F0C0F /* Onboarding */ = {
			isa = PBXGroup;
			children = (
				19FE266E2B3FD7B0007F0C0F /* OnboardingApp.swift */,
				1951161B2B4A899600C9742F /* Navigation */,
				19ECB4E82B483A6700B3FCCA /* Main */,
				19ECB4EB2B483A8A00B3FCCA /* Onboarding */,
				19ECB4DD2B48201000B3FCCA /* Helper */,
				19FE26742B3FD7B1007F0C0F /* Preview Content */,
				19FE26722B3FD7B1007F0C0F /* Assets.xcassets */,
			);
			path = Onboarding;
			sourceTree = "<group>";
		};
		19FE26742B3FD7B1007F0C0F /* Preview Content */ = {
			isa = PBXGroup;
			children = (
				19FE26752B3FD7B1007F0C0F /* Preview Assets.xcassets */,
			);
			path = "Preview Content";
			sourceTree = "<group>";
		};
/* End PBXGroup section */

/* Begin PBXNativeTarget section */
		19FE266A2B3FD7B0007F0C0F /* Onboarding */ = {
			isa = PBXNativeTarget;
			buildConfigurationList = 19FE26792B3FD7B1007F0C0F /* Build configuration list for PBXNativeTarget "Onboarding" */;
			buildPhases = (
				19FE26672B3FD7B0007F0C0F /* Sources */,
				19FE26682B3FD7B0007F0C0F /* Frameworks */,
				19FE26692B3FD7B0007F0C0F /* Resources */,
				196B77C02B46F4F700B0B8AD /* SwiftLint */,
			);
			buildRules = (
			);
			dependencies = (
			);
			name = Onboarding;
			productName = Onboarding;
			productReference = 19FE266B2B3FD7B0007F0C0F /* Onboarding.app */;
			productType = "com.apple.product-type.application";
		};
/* End PBXNativeTarget section */

/* Begin PBXProject section */
		19FE26632B3FD7B0007F0C0F /* Project object */ = {
			isa = PBXProject;
			attributes = {
				BuildIndependentTargetsInParallel = 1;
				LastSwiftUpdateCheck = 1500;
				LastUpgradeCheck = 1500;
				TargetAttributes = {
					19FE266A2B3FD7B0007F0C0F = {
						CreatedOnToolsVersion = 15.0.1;
					};
				};
			};
			buildConfigurationList = 19FE26662B3FD7B0007F0C0F /* Build configuration list for PBXProject "Onboarding" */;
			compatibilityVersion = "Xcode 14.0";
			developmentRegion = en;
			hasScannedForEncodings = 0;
			knownRegions = (
				en,
				Base,
			);
			mainGroup = 19FE26622B3FD7B0007F0C0F;
			productRefGroup = 19FE266C2B3FD7B0007F0C0F /* Products */;
			projectDirPath = "";
			projectRoot = "";
			targets = (
				19FE266A2B3FD7B0007F0C0F /* Onboarding */,
			);
		};
/* End PBXProject section */

/* Begin PBXResourcesBuildPhase section */
		19FE26692B3FD7B0007F0C0F /* Resources */ = {
			isa = PBXResourcesBuildPhase;
			buildActionMask = 2147483647;
			files = (
				19FE26762B3FD7B1007F0C0F /* Preview Assets.xcassets in Resources */,
				19FE26732B3FD7B1007F0C0F /* Assets.xcassets in Resources */,
			);
			runOnlyForDeploymentPostprocessing = 0;
		};
/* End PBXResourcesBuildPhase section */

/* Begin PBXShellScriptBuildPhase section */
		196B77C02B46F4F700B0B8AD /* SwiftLint */ = {
			isa = PBXShellScriptBuildPhase;
			alwaysOutOfDate = 1;
			buildActionMask = 2147483647;
			files = (
			);
			inputFileListPaths = (
			);
			inputPaths = (
			);
			name = SwiftLint;
			outputFileListPaths = (
			);
			outputPaths = (
			);
			runOnlyForDeploymentPostprocessing = 0;
			shellPath = /bin/sh;
			shellScript = "if [[ \"$(uname -m)\" == arm64 ]]; then\n    export PATH=\"/opt/homebrew/bin:$PATH\"\nfi\n\nif which swiftlint > /dev/null; then\n    swiftlint --config ../.swiftlint.yml\nelse\n  echo \"warning: SwiftLint not installed, download from https://github.com/realm/SwiftLint\"\nfi\n";
		};
/* End PBXShellScriptBuildPhase section */

/* Begin PBXSourcesBuildPhase section */
		19FE26672B3FD7B0007F0C0F /* Sources */ = {
			isa = PBXSourcesBuildPhase;
			buildActionMask = 2147483647;
			files = (
				19EED8782B4AEFD500198CD3 /* OnboardingThirdView.swift in Sources */,
				196B77C42B47005F00B0B8AD /* OnboardingFirstView.swift in Sources */,
				19ECB4DC2B4817D700B3FCCA /* View+SwipeGesture.swift in Sources */,
				195116192B4A898C00C9742F /* Page.swift in Sources */,
				19EED8762B4AEF8D00198CD3 /* OnboardingThirdVM.swift in Sources */,
				1951162D2B4ADCC200C9742F /* OnboardingFirstVM.swift in Sources */,
				19ECB4EA2B483A6700B3FCCA /* MainView.swift in Sources */,
				1951162A2B4ADA8D00C9742F /* OnboardingSecondVM.swift in Sources */,
				196B77C22B46F85000B0B8AD /* CardView.swift in Sources */,
				1951161A2B4A898C00C9742F /* Coordinator.swift in Sources */,
				19ECB4E02B48203200B3FCCA /* String+Constants.swift in Sources */,
				195116282B4ABFB600C9742F /* OnboardingView.swift in Sources */,
				19ECB4E42B482FAF00B3FCCA /* ButtonStyle.swift in Sources */,
				19FE266F2B3FD7B0007F0C0F /* OnboardingApp.swift in Sources */,
				196B77C62B47016300B0B8AD /* Card.swift in Sources */,
				1951161E2B4A8C4100C9742F /* CoordinatorRootView.swift in Sources */,
				195116242B4AB5EF00C9742F /* OnboardingSecondView.swift in Sources */,
			);
			runOnlyForDeploymentPostprocessing = 0;
		};
/* End PBXSourcesBuildPhase section */

/* Begin XCBuildConfiguration section */
		19FE26772B3FD7B1007F0C0F /* Debug */ = {
			isa = XCBuildConfiguration;
			buildSettings = {
				ALWAYS_SEARCH_USER_PATHS = NO;
				ASSETCATALOG_COMPILER_GENERATE_SWIFT_ASSET_SYMBOL_EXTENSIONS = YES;
				CLANG_ANALYZER_NONNULL = YES;
				CLANG_ANALYZER_NUMBER_OBJECT_CONVERSION = YES_AGGRESSIVE;
				CLANG_CXX_LANGUAGE_STANDARD = "gnu++20";
				CLANG_ENABLE_MODULES = YES;
				CLANG_ENABLE_OBJC_ARC = YES;
				CLANG_ENABLE_OBJC_WEAK = YES;
				CLANG_WARN_BLOCK_CAPTURE_AUTORELEASING = YES;
				CLANG_WARN_BOOL_CONVERSION = YES;
				CLANG_WARN_COMMA = YES;
				CLANG_WARN_CONSTANT_CONVERSION = YES;
				CLANG_WARN_DEPRECATED_OBJC_IMPLEMENTATIONS = YES;
				CLANG_WARN_DIRECT_OBJC_ISA_USAGE = YES_ERROR;
				CLANG_WARN_DOCUMENTATION_COMMENTS = YES;
				CLANG_WARN_EMPTY_BODY = YES;
				CLANG_WARN_ENUM_CONVERSION = YES;
				CLANG_WARN_INFINITE_RECURSION = YES;
				CLANG_WARN_INT_CONVERSION = YES;
				CLANG_WARN_NON_LITERAL_NULL_CONVERSION = YES;
				CLANG_WARN_OBJC_IMPLICIT_RETAIN_SELF = YES;
				CLANG_WARN_OBJC_LITERAL_CONVERSION = YES;
				CLANG_WARN_OBJC_ROOT_CLASS = YES_ERROR;
				CLANG_WARN_QUOTED_INCLUDE_IN_FRAMEWORK_HEADER = YES;
				CLANG_WARN_RANGE_LOOP_ANALYSIS = YES;
				CLANG_WARN_STRICT_PROTOTYPES = YES;
				CLANG_WARN_SUSPICIOUS_MOVE = YES;
				CLANG_WARN_UNGUARDED_AVAILABILITY = YES_AGGRESSIVE;
				CLANG_WARN_UNREACHABLE_CODE = YES;
				CLANG_WARN__DUPLICATE_METHOD_MATCH = YES;
				COPY_PHASE_STRIP = NO;
				DEBUG_INFORMATION_FORMAT = dwarf;
				ENABLE_STRICT_OBJC_MSGSEND = YES;
				ENABLE_TESTABILITY = YES;
				ENABLE_USER_SCRIPT_SANDBOXING = YES;
				GCC_C_LANGUAGE_STANDARD = gnu17;
				GCC_DYNAMIC_NO_PIC = NO;
				GCC_NO_COMMON_BLOCKS = YES;
				GCC_OPTIMIZATION_LEVEL = 0;
				GCC_PREPROCESSOR_DEFINITIONS = (
					"DEBUG=1",
					"$(inherited)",
				);
				GCC_WARN_64_TO_32_BIT_CONVERSION = YES;
				GCC_WARN_ABOUT_RETURN_TYPE = YES_ERROR;
				GCC_WARN_UNDECLARED_SELECTOR = YES;
				GCC_WARN_UNINITIALIZED_AUTOS = YES_AGGRESSIVE;
				GCC_WARN_UNUSED_FUNCTION = YES;
				GCC_WARN_UNUSED_VARIABLE = YES;
				IPHONEOS_DEPLOYMENT_TARGET = 17.0;
				LOCALIZATION_PREFERS_STRING_CATALOGS = YES;
				MTL_ENABLE_DEBUG_INFO = INCLUDE_SOURCE;
				MTL_FAST_MATH = YES;
				ONLY_ACTIVE_ARCH = YES;
				SDKROOT = iphoneos;
				SWIFT_ACTIVE_COMPILATION_CONDITIONS = "DEBUG $(inherited)";
				SWIFT_OPTIMIZATION_LEVEL = "-Onone";
			};
			name = Debug;
		};
		19FE26782B3FD7B1007F0C0F /* Release */ = {
			isa = XCBuildConfiguration;
			buildSettings = {
				ALWAYS_SEARCH_USER_PATHS = NO;
				ASSETCATALOG_COMPILER_GENERATE_SWIFT_ASSET_SYMBOL_EXTENSIONS = YES;
				CLANG_ANALYZER_NONNULL = YES;
				CLANG_ANALYZER_NUMBER_OBJECT_CONVERSION = YES_AGGRESSIVE;
				CLANG_CXX_LANGUAGE_STANDARD = "gnu++20";
				CLANG_ENABLE_MODULES = YES;
				CLANG_ENABLE_OBJC_ARC = YES;
				CLANG_ENABLE_OBJC_WEAK = YES;
				CLANG_WARN_BLOCK_CAPTURE_AUTORELEASING = YES;
				CLANG_WARN_BOOL_CONVERSION = YES;
				CLANG_WARN_COMMA = YES;
				CLANG_WARN_CONSTANT_CONVERSION = YES;
				CLANG_WARN_DEPRECATED_OBJC_IMPLEMENTATIONS = YES;
				CLANG_WARN_DIRECT_OBJC_ISA_USAGE = YES_ERROR;
				CLANG_WARN_DOCUMENTATION_COMMENTS = YES;
				CLANG_WARN_EMPTY_BODY = YES;
				CLANG_WARN_ENUM_CONVERSION = YES;
				CLANG_WARN_INFINITE_RECURSION = YES;
				CLANG_WARN_INT_CONVERSION = YES;
				CLANG_WARN_NON_LITERAL_NULL_CONVERSION = YES;
				CLANG_WARN_OBJC_IMPLICIT_RETAIN_SELF = YES;
				CLANG_WARN_OBJC_LITERAL_CONVERSION = YES;
				CLANG_WARN_OBJC_ROOT_CLASS = YES_ERROR;
				CLANG_WARN_QUOTED_INCLUDE_IN_FRAMEWORK_HEADER = YES;
				CLANG_WARN_RANGE_LOOP_ANALYSIS = YES;
				CLANG_WARN_STRICT_PROTOTYPES = YES;
				CLANG_WARN_SUSPICIOUS_MOVE = YES;
				CLANG_WARN_UNGUARDED_AVAILABILITY = YES_AGGRESSIVE;
				CLANG_WARN_UNREACHABLE_CODE = YES;
				CLANG_WARN__DUPLICATE_METHOD_MATCH = YES;
				COPY_PHASE_STRIP = NO;
				DEBUG_INFORMATION_FORMAT = "dwarf-with-dsym";
				ENABLE_NS_ASSERTIONS = NO;
				ENABLE_STRICT_OBJC_MSGSEND = YES;
				ENABLE_USER_SCRIPT_SANDBOXING = YES;
				GCC_C_LANGUAGE_STANDARD = gnu17;
				GCC_NO_COMMON_BLOCKS = YES;
				GCC_WARN_64_TO_32_BIT_CONVERSION = YES;
				GCC_WARN_ABOUT_RETURN_TYPE = YES_ERROR;
				GCC_WARN_UNDECLARED_SELECTOR = YES;
				GCC_WARN_UNINITIALIZED_AUTOS = YES_AGGRESSIVE;
				GCC_WARN_UNUSED_FUNCTION = YES;
				GCC_WARN_UNUSED_VARIABLE = YES;
				IPHONEOS_DEPLOYMENT_TARGET = 17.0;
				LOCALIZATION_PREFERS_STRING_CATALOGS = YES;
				MTL_ENABLE_DEBUG_INFO = NO;
				MTL_FAST_MATH = YES;
				SDKROOT = iphoneos;
				SWIFT_COMPILATION_MODE = wholemodule;
				VALIDATE_PRODUCT = YES;
			};
			name = Release;
		};
		19FE267A2B3FD7B1007F0C0F /* Debug */ = {
			isa = XCBuildConfiguration;
			buildSettings = {
				ASSETCATALOG_COMPILER_APPICON_NAME = AppIcon;
				ASSETCATALOG_COMPILER_GLOBAL_ACCENT_COLOR_NAME = AccentColor;
				CODE_SIGN_STYLE = Automatic;
				CURRENT_PROJECT_VERSION = 1;
				DEVELOPMENT_ASSET_PATHS = "\"Onboarding/Preview Content\"";
				DEVELOPMENT_TEAM = S294JL6K3Q;
				ENABLE_PREVIEWS = YES;
				ENABLE_USER_SCRIPT_SANDBOXING = NO;
				GENERATE_INFOPLIST_FILE = YES;
				INFOPLIST_KEY_UIApplicationSceneManifest_Generation = YES;
				INFOPLIST_KEY_UIApplicationSupportsIndirectInputEvents = YES;
				INFOPLIST_KEY_UILaunchScreen_Generation = YES;
				INFOPLIST_KEY_UISupportedInterfaceOrientations = UIInterfaceOrientationPortrait;
				INFOPLIST_KEY_UISupportedInterfaceOrientations_iPad = "UIInterfaceOrientationLandscapeLeft UIInterfaceOrientationLandscapeRight UIInterfaceOrientationPortrait UIInterfaceOrientationPortraitUpsideDown";
				IPHONEOS_DEPLOYMENT_TARGET = 16.0;
				LD_RUNPATH_SEARCH_PATHS = (
					"$(inherited)",
					"@executable_path/Frameworks",
				);
				MARKETING_VERSION = 1.0;
				PRODUCT_BUNDLE_IDENTIFIER = "com.ivankirpichonok-gmail.iOS.Onboarding";
				PRODUCT_NAME = "$(TARGET_NAME)";
				SUPPORTED_PLATFORMS = "iphoneos iphonesimulator";
				SUPPORTS_MACCATALYST = NO;
				SUPPORTS_MAC_DESIGNED_FOR_IPHONE_IPAD = NO;
				SWIFT_EMIT_LOC_STRINGS = YES;
				SWIFT_VERSION = 5.0;
				TARGETED_DEVICE_FAMILY = 1;
			};
			name = Debug;
		};
		19FE267B2B3FD7B1007F0C0F /* Release */ = {
			isa = XCBuildConfiguration;
			buildSettings = {
				ASSETCATALOG_COMPILER_APPICON_NAME = AppIcon;
				ASSETCATALOG_COMPILER_GLOBAL_ACCENT_COLOR_NAME = AccentColor;
				CODE_SIGN_STYLE = Automatic;
				CURRENT_PROJECT_VERSION = 1;
				DEVELOPMENT_ASSET_PATHS = "\"Onboarding/Preview Content\"";
				DEVELOPMENT_TEAM = S294JL6K3Q;
				ENABLE_PREVIEWS = YES;
				ENABLE_USER_SCRIPT_SANDBOXING = NO;
				GENERATE_INFOPLIST_FILE = YES;
				INFOPLIST_KEY_UIApplicationSceneManifest_Generation = YES;
				INFOPLIST_KEY_UIApplicationSupportsIndirectInputEvents = YES;
				INFOPLIST_KEY_UILaunchScreen_Generation = YES;
				INFOPLIST_KEY_UISupportedInterfaceOrientations = UIInterfaceOrientationPortrait;
				INFOPLIST_KEY_UISupportedInterfaceOrientations_iPad = "UIInterfaceOrientationLandscapeLeft UIInterfaceOrientationLandscapeRight UIInterfaceOrientationPortrait UIInterfaceOrientationPortraitUpsideDown";
				IPHONEOS_DEPLOYMENT_TARGET = 16.0;
				LD_RUNPATH_SEARCH_PATHS = (
					"$(inherited)",
					"@executable_path/Frameworks",
				);
				MARKETING_VERSION = 1.0;
				PRODUCT_BUNDLE_IDENTIFIER = "com.ivankirpichonok-gmail.iOS.Onboarding";
				PRODUCT_NAME = "$(TARGET_NAME)";
				SUPPORTED_PLATFORMS = "iphoneos iphonesimulator";
				SUPPORTS_MACCATALYST = NO;
				SUPPORTS_MAC_DESIGNED_FOR_IPHONE_IPAD = NO;
				SWIFT_EMIT_LOC_STRINGS = YES;
				SWIFT_VERSION = 5.0;
				TARGETED_DEVICE_FAMILY = 1;
			};
			name = Release;
		};
/* End XCBuildConfiguration section */

/* Begin XCConfigurationList section */
		19FE26662B3FD7B0007F0C0F /* Build configuration list for PBXProject "Onboarding" */ = {
			isa = XCConfigurationList;
			buildConfigurations = (
				19FE26772B3FD7B1007F0C0F /* Debug */,
				19FE26782B3FD7B1007F0C0F /* Release */,
			);
			defaultConfigurationIsVisible = 0;
			defaultConfigurationName = Release;
		};
		19FE26792B3FD7B1007F0C0F /* Build configuration list for PBXNativeTarget "Onboarding" */ = {
			isa = XCConfigurationList;
			buildConfigurations = (
				19FE267A2B3FD7B1007F0C0F /* Debug */,
				19FE267B2B3FD7B1007F0C0F /* Release */,
			);
			defaultConfigurationIsVisible = 0;
			defaultConfigurationName = Release;
		};
/* End XCConfigurationList section */
	};
	rootObject = 19FE26632B3FD7B0007F0C0F /* Project object */;
}
